
Microsoft Visual Studio Solution File, Format Version 12.00
# Visual Studio 14
VisualStudioVersion = 14.0.25420.1
MinimumVisualStudioVersion = 10.0.40219.1
Project("{F2A71F9B-5D33-465A-A702-920D77279786}") = "MyApp", "src\MyApp\MyApp.fsproj", "{71A80E4B-C353-4FF8-A7CB-31F37B8E86AA}"
EndProject
Project("{F2A71F9B-5D33-465A-A702-920D77279786}") = "MyLib", "src\MyLib\MyLib.fsproj", "{8661B2CF-8A1E-43F8-94D9-578D80E3E450}"
EndProject
Global
	GlobalSection(SolutionConfigurationPlatforms) = preSolution
		Debug|Any CPU = Debug|Any CPU
		Release|Any CPU = Release|Any CPU
	EndGlobalSection
	GlobalSection(ProjectConfigurationPlatforms) = postSolution
		{71A80E4B-C353-4FF8-A7CB-31F37B8E86AA}.Debug|Any CPU.ActiveCfg = Debug|Any CPU
		{71A80E4B-C353-4FF8-A7CB-31F37B8E86AA}.Debug|Any CPU.Build.0 = Debug|Any CPU
		{71A80E4B-C353-4FF8-A7CB-31F37B8E86AA}.Release|Any CPU.ActiveCfg = Release|Any CPU
		{71A80E4B-C353-4FF8-A7CB-31F37B8E86AA}.Release|Any CPU.Build.0 = Release|Any CPU
		{8661B2CF-8A1E-43F8-94D9-578D80E3E450}.Debug|Any CPU.ActiveCfg = Debug|Any CPU
		{8661B2CF-8A1E-43F8-94D9-578D80E3E450}.Debug|Any CPU.Build.0 = Debug|Any CPU
		{8661B2CF-8A1E-43F8-94D9-578D80E3E450}.Release|Any CPU.ActiveCfg = Release|Any CPU
		{8661B2CF-8A1E-43F8-94D9-578D80E3E450}.Release|Any CPU.Build.0 = Release|Any CPU
	EndGlobalSection
	GlobalSection(SolutionProperties) = preSolution
		HideSolutionNode = FALSE
	EndGlobalSection
EndGlobal
